
Microsoft Visual Studio Solution File, Format Version 12.00
# Visual Studio 15
VisualStudioVersion = 15.0.27428.2037
MinimumVisualStudioVersion = 10.0.40219.1
Project("{2150E333-8FDC-42A3-9474-1A3956D46DE8}") = "Domain", "Domain", "{B8BE6DA1-8C3F-40D8-833B-62CD4BB63103}"
EndProject
Project("{2150E333-8FDC-42A3-9474-1A3956D46DE8}") = "Tests", "Tests", "{BE6768F4-4F81-4CAA-9E3E-B519DBC19C18}"
EndProject
Project("{9A19103F-16F7-4668-BE54-9A1E7A4F7556}") = "lunes.Domain.UnitTests", "tests\lunes.Domain.UnitTests\lunes.Domain.UnitTests.csproj", "{FB1F46BD-C09C-49D1-9EF1-453A999BAF4A}"
EndProject
Project("{9A19103F-16F7-4668-BE54-9A1E7A4F7556}") = "lunes.Domain", "src\lunes.Domain\lunes.Domain.csproj", "{B21E3CF3-82A1-4436-A36C-07CB9E649CC1}"
EndProject
Project("{2150E333-8FDC-42A3-9474-1A3956D46DE8}") = "Application", "Application", "{3987AA26-D115-4808-9FCC-D55AFFC57AA7}"
EndProject
Project("{9A19103F-16F7-4668-BE54-9A1E7A4F7556}") = "lunes.UseCases.UnitTests", "tests\lunes.UseCases.UnitTests\lunes.UseCases.UnitTests.csproj", "{4F7C159A-BE47-4B97-A43E-7122A7F548FF}"
EndProject
Project("{9A19103F-16F7-4668-BE54-9A1E7A4F7556}") = "lunes.Application", "src\lunes.Application\lunes.Application.csproj", "{57AA0168-530C-4039-A25F-98336AFA1E8F}"
EndProject
Project("{9A19103F-16F7-4668-BE54-9A1E7A4F7556}") = "lunes.Common.Tests", "tests\lunes.Common.Tests\lunes.Common.Tests.csproj", "{AA80A088-CFF5-4821-90F2-ACE2D05F36AC}"
EndProject
Project("{2150E333-8FDC-42A3-9474-1A3956D46DE8}") = "Infrastructure", "Infrastructure", "{1C57F862-E7C3-4044-B553-16C1422A9581}"
EndProject
Project("{2150E333-8FDC-42A3-9474-1A3956D46DE8}") = "DataAccessAdapters", "DataAccessAdapters", "{35101855-946E-4DA1-A8E9-7A26442021F6}"
EndProject
Project("{9A19103F-16F7-4668-BE54-9A1E7A4F7556}") = "lunes.Infrastructure.InMemoryDataAccessAdapter", "src\lunes.Infrastructure.InMemoryDataAccessAdapter\lunes.Infrastructure.InMemoryDataAccessAdapter.csproj", "{FDE39DFC-6235-420B-B661-495F9A5C661B}"
EndProject
Project("{2150E333-8FDC-42A3-9474-1A3956D46DE8}") = "Web", "Web", "{856719E9-1200-466F-B0A9-F4B5E46081FC}"
EndProject
Project("{FAE04EC0-301F-11D3-BF4B-00C04F79EFBC}") = "lunes.WepApi", "src\lunes.WepApi\lunes.WepApi.csproj", "{91B83155-B254-494A-BE2D-F58AC342A73E}"
EndProject
Global
	GlobalSection(SolutionConfigurationPlatforms) = preSolution
		Debug|Any CPU = Debug|Any CPU
		Release|Any CPU = Release|Any CPU
	EndGlobalSection
	GlobalSection(ProjectConfigurationPlatforms) = postSolution
		{FB1F46BD-C09C-49D1-9EF1-453A999BAF4A}.Debug|Any CPU.ActiveCfg = Debug|Any CPU
		{FB1F46BD-C09C-49D1-9EF1-453A999BAF4A}.Debug|Any CPU.Build.0 = Debug|Any CPU
		{FB1F46BD-C09C-49D1-9EF1-453A999BAF4A}.Release|Any CPU.ActiveCfg = Release|Any CPU
		{FB1F46BD-C09C-49D1-9EF1-453A999BAF4A}.Release|Any CPU.Build.0 = Release|Any CPU
		{B21E3CF3-82A1-4436-A36C-07CB9E649CC1}.Debug|Any CPU.ActiveCfg = Debug|Any CPU
		{B21E3CF3-82A1-4436-A36C-07CB9E649CC1}.Debug|Any CPU.Build.0 = Debug|Any CPU
		{B21E3CF3-82A1-4436-A36C-07CB9E649CC1}.Release|Any CPU.ActiveCfg = Release|Any CPU
		{B21E3CF3-82A1-4436-A36C-07CB9E649CC1}.Release|Any CPU.Build.0 = Release|Any CPU
		{4F7C159A-BE47-4B97-A43E-7122A7F548FF}.Debug|Any CPU.ActiveCfg = Debug|Any CPU
		{4F7C159A-BE47-4B97-A43E-7122A7F548FF}.Debug|Any CPU.Build.0 = Debug|Any CPU
		{4F7C159A-BE47-4B97-A43E-7122A7F548FF}.Release|Any CPU.ActiveCfg = Release|Any CPU
		{4F7C159A-BE47-4B97-A43E-7122A7F548FF}.Release|Any CPU.Build.0 = Release|Any CPU
		{57AA0168-530C-4039-A25F-98336AFA1E8F}.Debug|Any CPU.ActiveCfg = Debug|Any CPU
		{57AA0168-530C-4039-A25F-98336AFA1E8F}.Debug|Any CPU.Build.0 = Debug|Any CPU
		{57AA0168-530C-4039-A25F-98336AFA1E8F}.Release|Any CPU.ActiveCfg = Release|Any CPU
		{57AA0168-530C-4039-A25F-98336AFA1E8F}.Release|Any CPU.Build.0 = Release|Any CPU
		{AA80A088-CFF5-4821-90F2-ACE2D05F36AC}.Debug|Any CPU.ActiveCfg = Debug|Any CPU
		{AA80A088-CFF5-4821-90F2-ACE2D05F36AC}.Debug|Any CPU.Build.0 = Debug|Any CPU
		{AA80A088-CFF5-4821-90F2-ACE2D05F36AC}.Release|Any CPU.ActiveCfg = Release|Any CPU
		{AA80A088-CFF5-4821-90F2-ACE2D05F36AC}.Release|Any CPU.Build.0 = Release|Any CPU
		{FDE39DFC-6235-420B-B661-495F9A5C661B}.Debug|Any CPU.ActiveCfg = Debug|Any CPU
		{FDE39DFC-6235-420B-B661-495F9A5C661B}.Debug|Any CPU.Build.0 = Debug|Any CPU
		{FDE39DFC-6235-420B-B661-495F9A5C661B}.Release|Any CPU.ActiveCfg = Release|Any CPU
		{FDE39DFC-6235-420B-B661-495F9A5C661B}.Release|Any CPU.Build.0 = Release|Any CPU
		{91B83155-B254-494A-BE2D-F58AC342A73E}.Debug|Any CPU.ActiveCfg = Debug|Any CPU
		{91B83155-B254-494A-BE2D-F58AC342A73E}.Debug|Any CPU.Build.0 = Debug|Any CPU
		{91B83155-B254-494A-BE2D-F58AC342A73E}.Release|Any CPU.ActiveCfg = Release|Any CPU
		{91B83155-B254-494A-BE2D-F58AC342A73E}.Release|Any CPU.Build.0 = Release|Any CPU
	EndGlobalSection
	GlobalSection(SolutionProperties) = preSolution
		HideSolutionNode = FALSE
	EndGlobalSection
	GlobalSection(NestedProjects) = preSolution
		{FB1F46BD-C09C-49D1-9EF1-453A999BAF4A} = {BE6768F4-4F81-4CAA-9E3E-B519DBC19C18}
		{B21E3CF3-82A1-4436-A36C-07CB9E649CC1} = {B8BE6DA1-8C3F-40D8-833B-62CD4BB63103}
		{4F7C159A-BE47-4B97-A43E-7122A7F548FF} = {BE6768F4-4F81-4CAA-9E3E-B519DBC19C18}
		{57AA0168-530C-4039-A25F-98336AFA1E8F} = {3987AA26-D115-4808-9FCC-D55AFFC57AA7}
		{AA80A088-CFF5-4821-90F2-ACE2D05F36AC} = {BE6768F4-4F81-4CAA-9E3E-B519DBC19C18}
		{35101855-946E-4DA1-A8E9-7A26442021F6} = {1C57F862-E7C3-4044-B553-16C1422A9581}
		{FDE39DFC-6235-420B-B661-495F9A5C661B} = {35101855-946E-4DA1-A8E9-7A26442021F6}
		{91B83155-B254-494A-BE2D-F58AC342A73E} = {856719E9-1200-466F-B0A9-F4B5E46081FC}
	EndGlobalSection
	GlobalSection(ExtensibilityGlobals) = postSolution
		SolutionGuid = {B9C599AA-17AA-48D7-836E-4BAD5D5BB976}
	EndGlobalSection
EndGlobal
